
Microsoft Visual Studio Solution File, Format Version 12.00
# Visual Studio 15
VisualStudioVersion = 15.0.27130.2026
MinimumVisualStudioVersion = 10.0.40219.1
Project("{FAE04EC0-301F-11D3-BF4B-00C04F79EFBC}") = "ConsoleApp13", "ConsoleApp13\ConsoleApp13.csproj", "{200B464F-7C44-444C-A5E8-72E4B983D05D}"
EndProject
Global
	GlobalSection(SolutionConfigurationPlatforms) = preSolution
		Debug|Any CPU = Debug|Any CPU
		Release|Any CPU = Release|Any CPU
	EndGlobalSection
	GlobalSection(ProjectConfigurationPlatforms) = postSolution
		{200B464F-7C44-444C-A5E8-72E4B983D05D}.Debug|Any CPU.ActiveCfg = Debug|Any CPU
		{200B464F-7C44-444C-A5E8-72E4B983D05D}.Debug|Any CPU.Build.0 = Debug|Any CPU
		{200B464F-7C44-444C-A5E8-72E4B983D05D}.Release|Any CPU.ActiveCfg = Release|Any CPU
		{200B464F-7C44-444C-A5E8-72E4B983D05D}.Release|Any CPU.Build.0 = Release|Any CPU
	EndGlobalSection
	GlobalSection(SolutionProperties) = preSolution
		HideSolutionNode = FALSE
	EndGlobalSection
	GlobalSection(ExtensibilityGlobals) = postSolution
		SolutionGuid = {D7960D30-314E-49B8-BBFB-ADED011317AC}
	EndGlobalSection
EndGlobal
