
Microsoft Visual Studio Solution File, Format Version 12.00
# Visual Studio 15
VisualStudioVersion = 15.0.27130.2026
MinimumVisualStudioVersion = 10.0.40219.1
Project("{FAE04EC0-301F-11D3-BF4B-00C04F79EFBC}") = "ConsoleApp15", "ConsoleApp15\ConsoleApp15.csproj", "{03F10086-D420-4DE6-8383-DA77AF5FCB8B}"
EndProject
Global
	GlobalSection(SolutionConfigurationPlatforms) = preSolution
		Debug|Any CPU = Debug|Any CPU
		Release|Any CPU = Release|Any CPU
	EndGlobalSection
	GlobalSection(ProjectConfigurationPlatforms) = postSolution
		{03F10086-D420-4DE6-8383-DA77AF5FCB8B}.Debug|Any CPU.ActiveCfg = Debug|Any CPU
		{03F10086-D420-4DE6-8383-DA77AF5FCB8B}.Debug|Any CPU.Build.0 = Debug|Any CPU
		{03F10086-D420-4DE6-8383-DA77AF5FCB8B}.Release|Any CPU.ActiveCfg = Release|Any CPU
		{03F10086-D420-4DE6-8383-DA77AF5FCB8B}.Release|Any CPU.Build.0 = Release|Any CPU
	EndGlobalSection
	GlobalSection(SolutionProperties) = preSolution
		HideSolutionNode = FALSE
	EndGlobalSection
	GlobalSection(ExtensibilityGlobals) = postSolution
		SolutionGuid = {FEFC3ABB-0D62-4C04-84DE-C6653F6E0D44}
	EndGlobalSection
EndGlobal
