
Microsoft Visual Studio Solution File, Format Version 12.00
# Visual Studio 15
VisualStudioVersion = 15.0.27130.2026
MinimumVisualStudioVersion = 10.0.40219.1
Project("{FAE04EC0-301F-11D3-BF4B-00C04F79EFBC}") = "ConsoleApp1", "ConsoleApp1\ConsoleApp1.csproj", "{DA0FA7C1-DD0A-4A31-9CC4-1B906F56FF64}"
EndProject
Global
	GlobalSection(SolutionConfigurationPlatforms) = preSolution
		Debug|Any CPU = Debug|Any CPU
		Release|Any CPU = Release|Any CPU
	EndGlobalSection
	GlobalSection(ProjectConfigurationPlatforms) = postSolution
		{DA0FA7C1-DD0A-4A31-9CC4-1B906F56FF64}.Debug|Any CPU.ActiveCfg = Debug|Any CPU
		{DA0FA7C1-DD0A-4A31-9CC4-1B906F56FF64}.Debug|Any CPU.Build.0 = Debug|Any CPU
		{DA0FA7C1-DD0A-4A31-9CC4-1B906F56FF64}.Release|Any CPU.ActiveCfg = Release|Any CPU
		{DA0FA7C1-DD0A-4A31-9CC4-1B906F56FF64}.Release|Any CPU.Build.0 = Release|Any CPU
	EndGlobalSection
	GlobalSection(SolutionProperties) = preSolution
		HideSolutionNode = FALSE
	EndGlobalSection
	GlobalSection(ExtensibilityGlobals) = postSolution
		SolutionGuid = {93656A3F-BB95-4725-9F56-F92530316CF3}
	EndGlobalSection
EndGlobal
