
Microsoft Visual Studio Solution File, Format Version 12.00
# Visual Studio 15
VisualStudioVersion = 15.0.27130.2026
MinimumVisualStudioVersion = 10.0.40219.1
Project("{FAE04EC0-301F-11D3-BF4B-00C04F79EFBC}") = "ConsoleApp4", "ConsoleApp4\ConsoleApp4.csproj", "{D8213DF4-4495-41E1-B952-20E48D6021BC}"
EndProject
Global
	GlobalSection(SolutionConfigurationPlatforms) = preSolution
		Debug|Any CPU = Debug|Any CPU
		Release|Any CPU = Release|Any CPU
	EndGlobalSection
	GlobalSection(ProjectConfigurationPlatforms) = postSolution
		{D8213DF4-4495-41E1-B952-20E48D6021BC}.Debug|Any CPU.ActiveCfg = Debug|Any CPU
		{D8213DF4-4495-41E1-B952-20E48D6021BC}.Debug|Any CPU.Build.0 = Debug|Any CPU
		{D8213DF4-4495-41E1-B952-20E48D6021BC}.Release|Any CPU.ActiveCfg = Release|Any CPU
		{D8213DF4-4495-41E1-B952-20E48D6021BC}.Release|Any CPU.Build.0 = Release|Any CPU
	EndGlobalSection
	GlobalSection(SolutionProperties) = preSolution
		HideSolutionNode = FALSE
	EndGlobalSection
	GlobalSection(ExtensibilityGlobals) = postSolution
		SolutionGuid = {C11CB321-AD69-4355-A239-28599B7A906B}
	EndGlobalSection
EndGlobal
