
Microsoft Visual Studio Solution File, Format Version 12.00
# Visual Studio 15
VisualStudioVersion = 15.0.27130.2026
MinimumVisualStudioVersion = 10.0.40219.1
Project("{FAE04EC0-301F-11D3-BF4B-00C04F79EFBC}") = "ConsoleApp3", "ConsoleApp3\ConsoleApp3.csproj", "{CDED1346-8527-4F60-ADE0-CC5F76467E9F}"
EndProject
Global
	GlobalSection(SolutionConfigurationPlatforms) = preSolution
		Debug|Any CPU = Debug|Any CPU
		Release|Any CPU = Release|Any CPU
	EndGlobalSection
	GlobalSection(ProjectConfigurationPlatforms) = postSolution
		{CDED1346-8527-4F60-ADE0-CC5F76467E9F}.Debug|Any CPU.ActiveCfg = Debug|Any CPU
		{CDED1346-8527-4F60-ADE0-CC5F76467E9F}.Debug|Any CPU.Build.0 = Debug|Any CPU
		{CDED1346-8527-4F60-ADE0-CC5F76467E9F}.Release|Any CPU.ActiveCfg = Release|Any CPU
		{CDED1346-8527-4F60-ADE0-CC5F76467E9F}.Release|Any CPU.Build.0 = Release|Any CPU
	EndGlobalSection
	GlobalSection(SolutionProperties) = preSolution
		HideSolutionNode = FALSE
	EndGlobalSection
	GlobalSection(ExtensibilityGlobals) = postSolution
		SolutionGuid = {004BD573-19BF-457D-B52E-9CD2205AB299}
	EndGlobalSection
EndGlobal
