
Microsoft Visual Studio Solution File, Format Version 12.00
# Visual Studio 15
VisualStudioVersion = 15.0.27130.2026
MinimumVisualStudioVersion = 10.0.40219.1
Project("{FAE04EC0-301F-11D3-BF4B-00C04F79EFBC}") = "ConsoleApp12", "ConsoleApp12\ConsoleApp12.csproj", "{DD6C2357-B3F2-4F09-AB36-518B2B70222D}"
EndProject
Global
	GlobalSection(SolutionConfigurationPlatforms) = preSolution
		Debug|Any CPU = Debug|Any CPU
		Release|Any CPU = Release|Any CPU
	EndGlobalSection
	GlobalSection(ProjectConfigurationPlatforms) = postSolution
		{DD6C2357-B3F2-4F09-AB36-518B2B70222D}.Debug|Any CPU.ActiveCfg = Debug|Any CPU
		{DD6C2357-B3F2-4F09-AB36-518B2B70222D}.Debug|Any CPU.Build.0 = Debug|Any CPU
		{DD6C2357-B3F2-4F09-AB36-518B2B70222D}.Release|Any CPU.ActiveCfg = Release|Any CPU
		{DD6C2357-B3F2-4F09-AB36-518B2B70222D}.Release|Any CPU.Build.0 = Release|Any CPU
	EndGlobalSection
	GlobalSection(SolutionProperties) = preSolution
		HideSolutionNode = FALSE
	EndGlobalSection
	GlobalSection(ExtensibilityGlobals) = postSolution
		SolutionGuid = {5CA5F8D2-E13E-4D66-BE77-6378091831D6}
	EndGlobalSection
EndGlobal
